
Microsoft Visual Studio Solution File, Format Version 12.00
# Visual Studio Version 17
VisualStudioVersion = 17.0.32014.148
MinimumVisualStudioVersion = 10.0.40219.1
Project("{FAE04EC0-301F-11D3-BF4B-00C04F79EFBC}") = "github2", "github2\github2.csproj", "{A032E066-59D9-4855-82E1-E760A0A40EF1}"
EndProject
Global
	GlobalSection(SolutionConfigurationPlatforms) = preSolution
		Debug|Any CPU = Debug|Any CPU
		Release|Any CPU = Release|Any CPU
	EndGlobalSection
	GlobalSection(ProjectConfigurationPlatforms) = postSolution
		{A032E066-59D9-4855-82E1-E760A0A40EF1}.Debug|Any CPU.ActiveCfg = Debug|Any CPU
		{A032E066-59D9-4855-82E1-E760A0A40EF1}.Debug|Any CPU.Build.0 = Debug|Any CPU
		{A032E066-59D9-4855-82E1-E760A0A40EF1}.Release|Any CPU.ActiveCfg = Release|Any CPU
		{A032E066-59D9-4855-82E1-E760A0A40EF1}.Release|Any CPU.Build.0 = Release|Any CPU
	EndGlobalSection
	GlobalSection(SolutionProperties) = preSolution
		HideSolutionNode = FALSE
	EndGlobalSection
	GlobalSection(ExtensibilityGlobals) = postSolution
		SolutionGuid = {4FEB616B-9F18-4C21-BE03-E99770A0D38B}
	EndGlobalSection
EndGlobal
